
Microsoft Visual Studio Solution File, Format Version 12.00
# Visual Studio Version 17
VisualStudioVersion = 17.9.34723.18
MinimumVisualStudioVersion = 10.0.40219.1
Project("{FAE04EC0-301F-11D3-BF4B-00C04F79EFBC}") = "Ferreteria CC SA", "Ferreteria CC SA.csproj", "{B4662B37-607B-498D-A475-33164CAA7513}"
EndProject
Global
	GlobalSection(SolutionConfigurationPlatforms) = preSolution
		Debug|Any CPU = Debug|Any CPU
		Release|Any CPU = Release|Any CPU
	EndGlobalSection
	GlobalSection(ProjectConfigurationPlatforms) = postSolution
		{B4662B37-607B-498D-A475-33164CAA7513}.Debug|Any CPU.ActiveCfg = Debug|Any CPU
		{B4662B37-607B-498D-A475-33164CAA7513}.Debug|Any CPU.Build.0 = Debug|Any CPU
		{B4662B37-607B-498D-A475-33164CAA7513}.Release|Any CPU.ActiveCfg = Release|Any CPU
		{B4662B37-607B-498D-A475-33164CAA7513}.Release|Any CPU.Build.0 = Release|Any CPU
	EndGlobalSection
	GlobalSection(SolutionProperties) = preSolution
		HideSolutionNode = FALSE
	EndGlobalSection
	GlobalSection(ExtensibilityGlobals) = postSolution
		SolutionGuid = {5BBC96D9-6B9D-4D08-8FAC-2372A75542BF}
	EndGlobalSection
EndGlobal
